github.com/bytecodealliance/wasmtime-go v0.16.0 h1:PESrBFLVcK7n3b6+FwFgwfYHC3G4uxSdN1MpArnxa1E=
github.com/bytecodealliance/wasmtime-go v0.16.0/go.mod h1:q320gUxqyI8yB+ZqRuaJOEnGkAnHh6WtJjMaT2CW4wI=
github.com/bytecodealliance/wasmtime-go v0.16.1 h1:dLGgxcis/XsmXiMNxoZ5iVfmGGkag4nXl+GoNGL9GC0=
github.com/bytecodealliance/wasmtime-go v0.16.1/go.mod h1:q320gUxqyI8yB+ZqRuaJOEnGkAnHh6WtJjMaT2CW4wI=
github.com/ua-parser/uap-go v0.0.0-20200325213135-e1c09f13e2fe h1:aj/vX5epIlQQBEocKoM9nSAiNpakdQzElc8SaRFPu+I=
github.com/ua-parser/uap-go v0.0.0-20200325213135-e1c09f13e2fe/go.mod h1:OBcG9bn7sHtXgarhUEb3OfCnNsgtGnkVf41ilSZ3K3E=
gopkg.in/check.v1 v0.0.0-20161208181325-20d25e280405/go.mod h1:Co6ibVJAznAaIkqp8huTwlJQCZ016jof/cbN4VW5Yz0=
gopkg.in/yaml.v2 v2.2.1 h1:mUhvW9EsL+naU5Q3cakzfE91YhliOondGd6ZrsDBHQE=
gopkg.in/yaml.v2 v2.2.1/go.mod h1:hI93XBmqTisBFMUTm0b8Fm+jr3Dg1NNxqwp+5A1VGuI=
